
Microsoft Visual Studio Solution File, Format Version 12.00
# Visual Studio 14
VisualStudioVersion = 14.0.25420.1
MinimumVisualStudioVersion = 10.0.40219.1
Project("{FAE04EC0-301F-11D3-BF4B-00C04F79EFBC}") = "Baku.LibqiDotNet", "Baku.LibqiDotNet\Baku.LibqiDotNet.csproj", "{B7294130-C4BB-44D9-B73D-2A8164C502DC}"
EndProject
Project("{FAE04EC0-301F-11D3-BF4B-00C04F79EFBC}") = "HelloWorld", "HelloWorld\HelloWorld.csproj", "{E85C5C5F-7689-4B1E-9E6E-7420BD245CC7}"
EndProject
Project("{FAE04EC0-301F-11D3-BF4B-00C04F79EFBC}") = "StandardSamples", "StandardSamples\StandardSamples.csproj", "{6DC640C6-9C52-4461-BF9F-D8816CCE5482}"
EndProject
Project("{FAE04EC0-301F-11D3-BF4B-00C04F79EFBC}") = "Baku.LibqiDotNet.ServiceCodeGenerator", "Baku.LibqiDotNet.ServiceCodeGenerator\Baku.LibqiDotNet.ServiceCodeGenerator.csproj", "{189E051A-ACE1-485A-83D1-0CD8B13261A7}"
EndProject
Project("{FAE04EC0-301F-11D3-BF4B-00C04F79EFBC}") = "Baku.LibqiDotNet.Services", "Baku.LibqiDotNet.Services\Baku.LibqiDotNet.Services.csproj", "{598AD74B-A14A-4047-80C8-24A882A4B923}"
EndProject
Project("{FAE04EC0-301F-11D3-BF4B-00C04F79EFBC}") = "StandardSamplesWithServices", "StandardSamplesWithServices\StandardSamplesWithServices.csproj", "{546C8550-BC04-4BB5-B9D9-B30038F4ACC6}"
EndProject
Project("{FAE04EC0-301F-11D3-BF4B-00C04F79EFBC}") = "Baku.LibqiDotNet.Interface", "Baku.LibqiDotNet.Interface\Baku.LibqiDotNet.Interface.csproj", "{495ACCA7-627C-403F-BEA8-61F1B43D4E8B}"
EndProject
Project("{FAE04EC0-301F-11D3-BF4B-00C04F79EFBC}") = "Baku.LibqiDotNet.SocketIO", "Baku.LibqiDotNet.SocketIO\Baku.LibqiDotNet.SocketIO.csproj", "{F71F0C11-D691-48D4-94CD-5CCA5FA1397A}"
EndProject
Project("{FAE04EC0-301F-11D3-BF4B-00C04F79EFBC}") = "SocketIoClient", "SocketIoClient\SocketIoClient.csproj", "{B77DA737-9454-497E-8045-AA977C806972}"
EndProject
Project("{FAE04EC0-301F-11D3-BF4B-00C04F79EFBC}") = "Baku.LibqiDotNet.Libqi", "Baku.LibqiDotNet.Libqi\Baku.LibqiDotNet.Libqi.csproj", "{0A3FB94A-EF7C-470C-9270-8B6C2D4FEC29}"
EndProject
Project("{FAE04EC0-301F-11D3-BF4B-00C04F79EFBC}") = "Test.Baku.LibqiDotNet.Libqi", "Test.Baku.LibqiDotNet.Libqi\Test.Baku.LibqiDotNet.Libqi.csproj", "{8EDF4429-251A-416D-BB68-93F227191BCF}"
EndProject
Project("{FAE04EC0-301F-11D3-BF4B-00C04F79EFBC}") = "Test.Baku.LibqiDotNet.SocketIO", "Test.Baku.LibqiDotNet.SocketIO\Test.Baku.LibqiDotNet.SocketIO.csproj", "{15215F94-6D27-4788-8C9A-166241D18030}"
EndProject
Project("{888888A0-9F3D-457C-B088-3A5042F75D52}") = "SocketIoServerForQiFramework", "SocketIoServerForQiFramework\SocketIoServerForQiFramework.pyproj", "{8B1B58DE-800F-47A0-A1D2-1774BF093809}"
EndProject
Project("{FAE04EC0-301F-11D3-BF4B-00C04F79EFBC}") = "Test.Baku.LibqiDotNet", "Test.Baku.LibqiDotNet\Test.Baku.LibqiDotNet.csproj", "{B0013692-021E-4E51-A549-BCE19EE1670E}"
EndProject
Global
	GlobalSection(SolutionConfigurationPlatforms) = preSolution
		Debug|Any CPU = Debug|Any CPU
		Debug|x64 = Debug|x64
		Debug|x86 = Debug|x86
		Release|Any CPU = Release|Any CPU
		Release|x64 = Release|x64
		Release|x86 = Release|x86
		UNITY_Debug|Any CPU = UNITY_Debug|Any CPU
		UNITY_Debug|x64 = UNITY_Debug|x64
		UNITY_Debug|x86 = UNITY_Debug|x86
		UNITY_Release|Any CPU = UNITY_Release|Any CPU
		UNITY_Release|x64 = UNITY_Release|x64
		UNITY_Release|x86 = UNITY_Release|x86
	EndGlobalSection
	GlobalSection(ProjectConfigurationPlatforms) = postSolution
		{B7294130-C4BB-44D9-B73D-2A8164C502DC}.Debug|Any CPU.ActiveCfg = Debug|Any CPU
		{B7294130-C4BB-44D9-B73D-2A8164C502DC}.Debug|Any CPU.Build.0 = Debug|Any CPU
		{B7294130-C4BB-44D9-B73D-2A8164C502DC}.Debug|x64.ActiveCfg = Debug|x64
		{B7294130-C4BB-44D9-B73D-2A8164C502DC}.Debug|x64.Build.0 = Debug|x64
		{B7294130-C4BB-44D9-B73D-2A8164C502DC}.Debug|x86.ActiveCfg = Debug|x86
		{B7294130-C4BB-44D9-B73D-2A8164C502DC}.Debug|x86.Build.0 = Debug|x86
		{B7294130-C4BB-44D9-B73D-2A8164C502DC}.Release|Any CPU.ActiveCfg = Release|Any CPU
		{B7294130-C4BB-44D9-B73D-2A8164C502DC}.Release|Any CPU.Build.0 = Release|Any CPU
		{B7294130-C4BB-44D9-B73D-2A8164C502DC}.Release|x64.ActiveCfg = Release|x64
		{B7294130-C4BB-44D9-B73D-2A8164C502DC}.Release|x64.Build.0 = Release|x64
		{B7294130-C4BB-44D9-B73D-2A8164C502DC}.Release|x86.ActiveCfg = Release|x86
		{B7294130-C4BB-44D9-B73D-2A8164C502DC}.Release|x86.Build.0 = Release|x86
		{B7294130-C4BB-44D9-B73D-2A8164C502DC}.UNITY_Debug|Any CPU.ActiveCfg = UNITY_Debug|Any CPU
		{B7294130-C4BB-44D9-B73D-2A8164C502DC}.UNITY_Debug|Any CPU.Build.0 = UNITY_Debug|Any CPU
		{B7294130-C4BB-44D9-B73D-2A8164C502DC}.UNITY_Debug|x64.ActiveCfg = UNITY_Debug|x64
		{B7294130-C4BB-44D9-B73D-2A8164C502DC}.UNITY_Debug|x64.Build.0 = UNITY_Debug|x64
		{B7294130-C4BB-44D9-B73D-2A8164C502DC}.UNITY_Debug|x86.ActiveCfg = UNITY_Debug|x86
		{B7294130-C4BB-44D9-B73D-2A8164C502DC}.UNITY_Debug|x86.Build.0 = UNITY_Debug|x86
		{B7294130-C4BB-44D9-B73D-2A8164C502DC}.UNITY_Release|Any CPU.ActiveCfg = UNITY_Release|Any CPU
		{B7294130-C4BB-44D9-B73D-2A8164C502DC}.UNITY_Release|Any CPU.Build.0 = UNITY_Release|Any CPU
		{B7294130-C4BB-44D9-B73D-2A8164C502DC}.UNITY_Release|x64.ActiveCfg = UNITY_Release|x64
		{B7294130-C4BB-44D9-B73D-2A8164C502DC}.UNITY_Release|x64.Build.0 = UNITY_Release|x64
		{B7294130-C4BB-44D9-B73D-2A8164C502DC}.UNITY_Release|x86.ActiveCfg = UNITY_Release|x86
		{B7294130-C4BB-44D9-B73D-2A8164C502DC}.UNITY_Release|x86.Build.0 = UNITY_Release|x86
		{E85C5C5F-7689-4B1E-9E6E-7420BD245CC7}.Debug|Any CPU.ActiveCfg = Debug|Any CPU
		{E85C5C5F-7689-4B1E-9E6E-7420BD245CC7}.Debug|Any CPU.Build.0 = Debug|Any CPU
		{E85C5C5F-7689-4B1E-9E6E-7420BD245CC7}.Debug|x64.ActiveCfg = Debug|x64
		{E85C5C5F-7689-4B1E-9E6E-7420BD245CC7}.Debug|x64.Build.0 = Debug|x64
		{E85C5C5F-7689-4B1E-9E6E-7420BD245CC7}.Debug|x86.ActiveCfg = Debug|x86
		{E85C5C5F-7689-4B1E-9E6E-7420BD245CC7}.Debug|x86.Build.0 = Debug|x86
		{E85C5C5F-7689-4B1E-9E6E-7420BD245CC7}.Release|Any CPU.ActiveCfg = Release|Any CPU
		{E85C5C5F-7689-4B1E-9E6E-7420BD245CC7}.Release|Any CPU.Build.0 = Release|Any CPU
		{E85C5C5F-7689-4B1E-9E6E-7420BD245CC7}.Release|x64.ActiveCfg = Release|x64
		{E85C5C5F-7689-4B1E-9E6E-7420BD245CC7}.Release|x64.Build.0 = Release|x64
		{E85C5C5F-7689-4B1E-9E6E-7420BD245CC7}.Release|x86.ActiveCfg = Release|x86
		{E85C5C5F-7689-4B1E-9E6E-7420BD245CC7}.Release|x86.Build.0 = Release|x86
		{E85C5C5F-7689-4B1E-9E6E-7420BD245CC7}.UNITY_Debug|Any CPU.ActiveCfg = Debug|Any CPU
		{E85C5C5F-7689-4B1E-9E6E-7420BD245CC7}.UNITY_Debug|Any CPU.Build.0 = Debug|Any CPU
		{E85C5C5F-7689-4B1E-9E6E-7420BD245CC7}.UNITY_Debug|x64.ActiveCfg = Debug|x64
		{E85C5C5F-7689-4B1E-9E6E-7420BD245CC7}.UNITY_Debug|x64.Build.0 = Debug|x64
		{E85C5C5F-7689-4B1E-9E6E-7420BD245CC7}.UNITY_Debug|x86.ActiveCfg = Release|x86
		{E85C5C5F-7689-4B1E-9E6E-7420BD245CC7}.UNITY_Debug|x86.Build.0 = Release|x86
		{E85C5C5F-7689-4B1E-9E6E-7420BD245CC7}.UNITY_Release|Any CPU.ActiveCfg = Release|Any CPU
		{E85C5C5F-7689-4B1E-9E6E-7420BD245CC7}.UNITY_Release|Any CPU.Build.0 = Release|Any CPU
		{E85C5C5F-7689-4B1E-9E6E-7420BD245CC7}.UNITY_Release|x64.ActiveCfg = Release|x64
		{E85C5C5F-7689-4B1E-9E6E-7420BD245CC7}.UNITY_Release|x64.Build.0 = Release|x64
		{E85C5C5F-7689-4B1E-9E6E-7420BD245CC7}.UNITY_Release|x86.ActiveCfg = Release|x86
		{E85C5C5F-7689-4B1E-9E6E-7420BD245CC7}.UNITY_Release|x86.Build.0 = Release|x86
		{6DC640C6-9C52-4461-BF9F-D8816CCE5482}.Debug|Any CPU.ActiveCfg = Debug|Any CPU
		{6DC640C6-9C52-4461-BF9F-D8816CCE5482}.Debug|Any CPU.Build.0 = Debug|Any CPU
		{6DC640C6-9C52-4461-BF9F-D8816CCE5482}.Debug|x64.ActiveCfg = Debug|x64
		{6DC640C6-9C52-4461-BF9F-D8816CCE5482}.Debug|x64.Build.0 = Debug|x64
		{6DC640C6-9C52-4461-BF9F-D8816CCE5482}.Debug|x86.ActiveCfg = Debug|x86
		{6DC640C6-9C52-4461-BF9F-D8816CCE5482}.Debug|x86.Build.0 = Debug|x86
		{6DC640C6-9C52-4461-BF9F-D8816CCE5482}.Release|Any CPU.ActiveCfg = Release|Any CPU
		{6DC640C6-9C52-4461-BF9F-D8816CCE5482}.Release|Any CPU.Build.0 = Release|Any CPU
		{6DC640C6-9C52-4461-BF9F-D8816CCE5482}.Release|x64.ActiveCfg = Release|x64
		{6DC640C6-9C52-4461-BF9F-D8816CCE5482}.Release|x64.Build.0 = Release|x64
		{6DC640C6-9C52-4461-BF9F-D8816CCE5482}.Release|x86.ActiveCfg = Release|x86
		{6DC640C6-9C52-4461-BF9F-D8816CCE5482}.Release|x86.Build.0 = Release|x86
		{6DC640C6-9C52-4461-BF9F-D8816CCE5482}.UNITY_Debug|Any CPU.ActiveCfg = Debug|Any CPU
		{6DC640C6-9C52-4461-BF9F-D8816CCE5482}.UNITY_Debug|Any CPU.Build.0 = Debug|Any CPU
		{6DC640C6-9C52-4461-BF9F-D8816CCE5482}.UNITY_Debug|x64.ActiveCfg = Debug|x64
		{6DC640C6-9C52-4461-BF9F-D8816CCE5482}.UNITY_Debug|x64.Build.0 = Debug|x64
		{6DC640C6-9C52-4461-BF9F-D8816CCE5482}.UNITY_Debug|x86.ActiveCfg = Debug|x86
		{6DC640C6-9C52-4461-BF9F-D8816CCE5482}.UNITY_Debug|x86.Build.0 = Debug|x86
		{6DC640C6-9C52-4461-BF9F-D8816CCE5482}.UNITY_Release|Any CPU.ActiveCfg = Release|Any CPU
		{6DC640C6-9C52-4461-BF9F-D8816CCE5482}.UNITY_Release|Any CPU.Build.0 = Release|Any CPU
		{6DC640C6-9C52-4461-BF9F-D8816CCE5482}.UNITY_Release|x64.ActiveCfg = Release|x64
		{6DC640C6-9C52-4461-BF9F-D8816CCE5482}.UNITY_Release|x64.Build.0 = Release|x64
		{6DC640C6-9C52-4461-BF9F-D8816CCE5482}.UNITY_Release|x86.ActiveCfg = Release|x86
		{6DC640C6-9C52-4461-BF9F-D8816CCE5482}.UNITY_Release|x86.Build.0 = Release|x86
		{189E051A-ACE1-485A-83D1-0CD8B13261A7}.Debug|Any CPU.ActiveCfg = Debug|Any CPU
		{189E051A-ACE1-485A-83D1-0CD8B13261A7}.Debug|Any CPU.Build.0 = Debug|Any CPU
		{189E051A-ACE1-485A-83D1-0CD8B13261A7}.Debug|x64.ActiveCfg = Debug|x64
		{189E051A-ACE1-485A-83D1-0CD8B13261A7}.Debug|x64.Build.0 = Debug|x64
		{189E051A-ACE1-485A-83D1-0CD8B13261A7}.Debug|x86.ActiveCfg = Debug|x86
		{189E051A-ACE1-485A-83D1-0CD8B13261A7}.Debug|x86.Build.0 = Debug|x86
		{189E051A-ACE1-485A-83D1-0CD8B13261A7}.Release|Any CPU.ActiveCfg = Release|Any CPU
		{189E051A-ACE1-485A-83D1-0CD8B13261A7}.Release|Any CPU.Build.0 = Release|Any CPU
		{189E051A-ACE1-485A-83D1-0CD8B13261A7}.Release|x64.ActiveCfg = Release|x64
		{189E051A-ACE1-485A-83D1-0CD8B13261A7}.Release|x64.Build.0 = Release|x64
		{189E051A-ACE1-485A-83D1-0CD8B13261A7}.Release|x86.ActiveCfg = Release|x86
		{189E051A-ACE1-485A-83D1-0CD8B13261A7}.Release|x86.Build.0 = Release|x86
		{189E051A-ACE1-485A-83D1-0CD8B13261A7}.UNITY_Debug|Any CPU.ActiveCfg = Debug|Any CPU
		{189E051A-ACE1-485A-83D1-0CD8B13261A7}.UNITY_Debug|Any CPU.Build.0 = Debug|Any CPU
		{189E051A-ACE1-485A-83D1-0CD8B13261A7}.UNITY_Debug|x64.ActiveCfg = Debug|x64
		{189E051A-ACE1-485A-83D1-0CD8B13261A7}.UNITY_Debug|x64.Build.0 = Debug|x64
		{189E051A-ACE1-485A-83D1-0CD8B13261A7}.UNITY_Debug|x86.ActiveCfg = Debug|x86
		{189E051A-ACE1-485A-83D1-0CD8B13261A7}.UNITY_Debug|x86.Build.0 = Debug|x86
		{189E051A-ACE1-485A-83D1-0CD8B13261A7}.UNITY_Release|Any CPU.ActiveCfg = Release|Any CPU
		{189E051A-ACE1-485A-83D1-0CD8B13261A7}.UNITY_Release|Any CPU.Build.0 = Release|Any CPU
		{189E051A-ACE1-485A-83D1-0CD8B13261A7}.UNITY_Release|x64.ActiveCfg = Release|x64
		{189E051A-ACE1-485A-83D1-0CD8B13261A7}.UNITY_Release|x64.Build.0 = Release|x64
		{189E051A-ACE1-485A-83D1-0CD8B13261A7}.UNITY_Release|x86.ActiveCfg = Release|x86
		{189E051A-ACE1-485A-83D1-0CD8B13261A7}.UNITY_Release|x86.Build.0 = Release|x86
		{598AD74B-A14A-4047-80C8-24A882A4B923}.Debug|Any CPU.ActiveCfg = Debug|Any CPU
		{598AD74B-A14A-4047-80C8-24A882A4B923}.Debug|Any CPU.Build.0 = Debug|Any CPU
		{598AD74B-A14A-4047-80C8-24A882A4B923}.Debug|x64.ActiveCfg = Debug|x64
		{598AD74B-A14A-4047-80C8-24A882A4B923}.Debug|x64.Build.0 = Debug|x64
		{598AD74B-A14A-4047-80C8-24A882A4B923}.Debug|x86.ActiveCfg = Debug|x86
		{598AD74B-A14A-4047-80C8-24A882A4B923}.Debug|x86.Build.0 = Debug|x86
		{598AD74B-A14A-4047-80C8-24A882A4B923}.Release|Any CPU.ActiveCfg = Release|Any CPU
		{598AD74B-A14A-4047-80C8-24A882A4B923}.Release|Any CPU.Build.0 = Release|Any CPU
		{598AD74B-A14A-4047-80C8-24A882A4B923}.Release|x64.ActiveCfg = Release|x64
		{598AD74B-A14A-4047-80C8-24A882A4B923}.Release|x64.Build.0 = Release|x64
		{598AD74B-A14A-4047-80C8-24A882A4B923}.Release|x86.ActiveCfg = Release|x86
		{598AD74B-A14A-4047-80C8-24A882A4B923}.Release|x86.Build.0 = Release|x86
		{598AD74B-A14A-4047-80C8-24A882A4B923}.UNITY_Debug|Any CPU.ActiveCfg = Debug|Any CPU
		{598AD74B-A14A-4047-80C8-24A882A4B923}.UNITY_Debug|Any CPU.Build.0 = Debug|Any CPU
		{598AD74B-A14A-4047-80C8-24A882A4B923}.UNITY_Debug|x64.ActiveCfg = Debug|x64
		{598AD74B-A14A-4047-80C8-24A882A4B923}.UNITY_Debug|x64.Build.0 = Debug|x64
		{598AD74B-A14A-4047-80C8-24A882A4B923}.UNITY_Debug|x86.ActiveCfg = Debug|x86
		{598AD74B-A14A-4047-80C8-24A882A4B923}.UNITY_Debug|x86.Build.0 = Debug|x86
		{598AD74B-A14A-4047-80C8-24A882A4B923}.UNITY_Release|Any CPU.ActiveCfg = Release|Any CPU
		{598AD74B-A14A-4047-80C8-24A882A4B923}.UNITY_Release|Any CPU.Build.0 = Release|Any CPU
		{598AD74B-A14A-4047-80C8-24A882A4B923}.UNITY_Release|x64.ActiveCfg = Release|x64
		{598AD74B-A14A-4047-80C8-24A882A4B923}.UNITY_Release|x64.Build.0 = Release|x64
		{598AD74B-A14A-4047-80C8-24A882A4B923}.UNITY_Release|x86.ActiveCfg = Release|x86
		{598AD74B-A14A-4047-80C8-24A882A4B923}.UNITY_Release|x86.Build.0 = Release|x86
		{546C8550-BC04-4BB5-B9D9-B30038F4ACC6}.Debug|Any CPU.ActiveCfg = Debug|Any CPU
		{546C8550-BC04-4BB5-B9D9-B30038F4ACC6}.Debug|Any CPU.Build.0 = Debug|Any CPU
		{546C8550-BC04-4BB5-B9D9-B30038F4ACC6}.Debug|x64.ActiveCfg = Debug|Any CPU
		{546C8550-BC04-4BB5-B9D9-B30038F4ACC6}.Debug|x64.Build.0 = Debug|Any CPU
		{546C8550-BC04-4BB5-B9D9-B30038F4ACC6}.Debug|x86.ActiveCfg = Debug|Any CPU
		{546C8550-BC04-4BB5-B9D9-B30038F4ACC6}.Debug|x86.Build.0 = Debug|Any CPU
		{546C8550-BC04-4BB5-B9D9-B30038F4ACC6}.Release|Any CPU.ActiveCfg = Release|Any CPU
		{546C8550-BC04-4BB5-B9D9-B30038F4ACC6}.Release|Any CPU.Build.0 = Release|Any CPU
		{546C8550-BC04-4BB5-B9D9-B30038F4ACC6}.Release|x64.ActiveCfg = Release|Any CPU
		{546C8550-BC04-4BB5-B9D9-B30038F4ACC6}.Release|x64.Build.0 = Release|Any CPU
		{546C8550-BC04-4BB5-B9D9-B30038F4ACC6}.Release|x86.ActiveCfg = Release|Any CPU
		{546C8550-BC04-4BB5-B9D9-B30038F4ACC6}.Release|x86.Build.0 = Release|Any CPU
		{546C8550-BC04-4BB5-B9D9-B30038F4ACC6}.UNITY_Debug|Any CPU.ActiveCfg = Debug|Any CPU
		{546C8550-BC04-4BB5-B9D9-B30038F4ACC6}.UNITY_Debug|Any CPU.Build.0 = Debug|Any CPU
		{546C8550-BC04-4BB5-B9D9-B30038F4ACC6}.UNITY_Debug|x64.ActiveCfg = Debug|Any CPU
		{546C8550-BC04-4BB5-B9D9-B30038F4ACC6}.UNITY_Debug|x64.Build.0 = Debug|Any CPU
		{546C8550-BC04-4BB5-B9D9-B30038F4ACC6}.UNITY_Debug|x86.ActiveCfg = Debug|x86
		{546C8550-BC04-4BB5-B9D9-B30038F4ACC6}.UNITY_Debug|x86.Build.0 = Debug|x86
		{546C8550-BC04-4BB5-B9D9-B30038F4ACC6}.UNITY_Release|Any CPU.ActiveCfg = Release|Any CPU
		{546C8550-BC04-4BB5-B9D9-B30038F4ACC6}.UNITY_Release|Any CPU.Build.0 = Release|Any CPU
		{546C8550-BC04-4BB5-B9D9-B30038F4ACC6}.UNITY_Release|x64.ActiveCfg = Release|Any CPU
		{546C8550-BC04-4BB5-B9D9-B30038F4ACC6}.UNITY_Release|x64.Build.0 = Release|Any CPU
		{546C8550-BC04-4BB5-B9D9-B30038F4ACC6}.UNITY_Release|x86.ActiveCfg = Release|Any CPU
		{546C8550-BC04-4BB5-B9D9-B30038F4ACC6}.UNITY_Release|x86.Build.0 = Release|Any CPU
		{495ACCA7-627C-403F-BEA8-61F1B43D4E8B}.Debug|Any CPU.ActiveCfg = Debug|Any CPU
		{495ACCA7-627C-403F-BEA8-61F1B43D4E8B}.Debug|Any CPU.Build.0 = Debug|Any CPU
		{495ACCA7-627C-403F-BEA8-61F1B43D4E8B}.Debug|x64.ActiveCfg = Debug|Any CPU
		{495ACCA7-627C-403F-BEA8-61F1B43D4E8B}.Debug|x64.Build.0 = Debug|Any CPU
		{495ACCA7-627C-403F-BEA8-61F1B43D4E8B}.Debug|x86.ActiveCfg = Debug|Any CPU
		{495ACCA7-627C-403F-BEA8-61F1B43D4E8B}.Debug|x86.Build.0 = Debug|Any CPU
		{495ACCA7-627C-403F-BEA8-61F1B43D4E8B}.Release|Any CPU.ActiveCfg = Release|Any CPU
		{495ACCA7-627C-403F-BEA8-61F1B43D4E8B}.Release|Any CPU.Build.0 = Release|Any CPU
		{495ACCA7-627C-403F-BEA8-61F1B43D4E8B}.Release|x64.ActiveCfg = Release|Any CPU
		{495ACCA7-627C-403F-BEA8-61F1B43D4E8B}.Release|x64.Build.0 = Release|Any CPU
		{495ACCA7-627C-403F-BEA8-61F1B43D4E8B}.Release|x86.ActiveCfg = Release|Any CPU
		{495ACCA7-627C-403F-BEA8-61F1B43D4E8B}.Release|x86.Build.0 = Release|Any CPU
		{495ACCA7-627C-403F-BEA8-61F1B43D4E8B}.UNITY_Debug|Any CPU.ActiveCfg = Debug|Any CPU
		{495ACCA7-627C-403F-BEA8-61F1B43D4E8B}.UNITY_Debug|Any CPU.Build.0 = Debug|Any CPU
		{495ACCA7-627C-403F-BEA8-61F1B43D4E8B}.UNITY_Debug|x64.ActiveCfg = Debug|Any CPU
		{495ACCA7-627C-403F-BEA8-61F1B43D4E8B}.UNITY_Debug|x64.Build.0 = Debug|Any CPU
		{495ACCA7-627C-403F-BEA8-61F1B43D4E8B}.UNITY_Debug|x86.ActiveCfg = Debug|Any CPU
		{495ACCA7-627C-403F-BEA8-61F1B43D4E8B}.UNITY_Debug|x86.Build.0 = Debug|Any CPU
		{495ACCA7-627C-403F-BEA8-61F1B43D4E8B}.UNITY_Release|Any CPU.ActiveCfg = Release|Any CPU
		{495ACCA7-627C-403F-BEA8-61F1B43D4E8B}.UNITY_Release|Any CPU.Build.0 = Release|Any CPU
		{495ACCA7-627C-403F-BEA8-61F1B43D4E8B}.UNITY_Release|x64.ActiveCfg = Release|Any CPU
		{495ACCA7-627C-403F-BEA8-61F1B43D4E8B}.UNITY_Release|x64.Build.0 = Release|Any CPU
		{495ACCA7-627C-403F-BEA8-61F1B43D4E8B}.UNITY_Release|x86.ActiveCfg = Release|Any CPU
		{495ACCA7-627C-403F-BEA8-61F1B43D4E8B}.UNITY_Release|x86.Build.0 = Release|Any CPU
		{F71F0C11-D691-48D4-94CD-5CCA5FA1397A}.Debug|Any CPU.ActiveCfg = Debug|Any CPU
		{F71F0C11-D691-48D4-94CD-5CCA5FA1397A}.Debug|Any CPU.Build.0 = Debug|Any CPU
		{F71F0C11-D691-48D4-94CD-5CCA5FA1397A}.Debug|x64.ActiveCfg = Debug|Any CPU
		{F71F0C11-D691-48D4-94CD-5CCA5FA1397A}.Debug|x64.Build.0 = Debug|Any CPU
		{F71F0C11-D691-48D4-94CD-5CCA5FA1397A}.Debug|x86.ActiveCfg = Debug|Any CPU
		{F71F0C11-D691-48D4-94CD-5CCA5FA1397A}.Debug|x86.Build.0 = Debug|Any CPU
		{F71F0C11-D691-48D4-94CD-5CCA5FA1397A}.Release|Any CPU.ActiveCfg = Release|Any CPU
		{F71F0C11-D691-48D4-94CD-5CCA5FA1397A}.Release|Any CPU.Build.0 = Release|Any CPU
		{F71F0C11-D691-48D4-94CD-5CCA5FA1397A}.Release|x64.ActiveCfg = Release|Any CPU
		{F71F0C11-D691-48D4-94CD-5CCA5FA1397A}.Release|x64.Build.0 = Release|Any CPU
		{F71F0C11-D691-48D4-94CD-5CCA5FA1397A}.Release|x86.ActiveCfg = Release|Any CPU
		{F71F0C11-D691-48D4-94CD-5CCA5FA1397A}.Release|x86.Build.0 = Release|Any CPU
		{F71F0C11-D691-48D4-94CD-5CCA5FA1397A}.UNITY_Debug|Any CPU.ActiveCfg = Debug|Any CPU
		{F71F0C11-D691-48D4-94CD-5CCA5FA1397A}.UNITY_Debug|Any CPU.Build.0 = Debug|Any CPU
		{F71F0C11-D691-48D4-94CD-5CCA5FA1397A}.UNITY_Debug|x64.ActiveCfg = Debug|Any CPU
		{F71F0C11-D691-48D4-94CD-5CCA5FA1397A}.UNITY_Debug|x64.Build.0 = Debug|Any CPU
		{F71F0C11-D691-48D4-94CD-5CCA5FA1397A}.UNITY_Debug|x86.ActiveCfg = Debug|Any CPU
		{F71F0C11-D691-48D4-94CD-5CCA5FA1397A}.UNITY_Debug|x86.Build.0 = Debug|Any CPU
		{F71F0C11-D691-48D4-94CD-5CCA5FA1397A}.UNITY_Release|Any CPU.ActiveCfg = Release|Any CPU
		{F71F0C11-D691-48D4-94CD-5CCA5FA1397A}.UNITY_Release|Any CPU.Build.0 = Release|Any CPU
		{F71F0C11-D691-48D4-94CD-5CCA5FA1397A}.UNITY_Release|x64.ActiveCfg = Release|Any CPU
		{F71F0C11-D691-48D4-94CD-5CCA5FA1397A}.UNITY_Release|x64.Build.0 = Release|Any CPU
		{F71F0C11-D691-48D4-94CD-5CCA5FA1397A}.UNITY_Release|x86.ActiveCfg = Release|Any CPU
		{F71F0C11-D691-48D4-94CD-5CCA5FA1397A}.UNITY_Release|x86.Build.0 = Release|Any CPU
		{B77DA737-9454-497E-8045-AA977C806972}.Debug|Any CPU.ActiveCfg = Debug|Any CPU
		{B77DA737-9454-497E-8045-AA977C806972}.Debug|Any CPU.Build.0 = Debug|Any CPU
		{B77DA737-9454-497E-8045-AA977C806972}.Debug|x64.ActiveCfg = Debug|Any CPU
		{B77DA737-9454-497E-8045-AA977C806972}.Debug|x64.Build.0 = Debug|Any CPU
		{B77DA737-9454-497E-8045-AA977C806972}.Debug|x86.ActiveCfg = Debug|Any CPU
		{B77DA737-9454-497E-8045-AA977C806972}.Debug|x86.Build.0 = Debug|Any CPU
		{B77DA737-9454-497E-8045-AA977C806972}.Release|Any CPU.ActiveCfg = Release|Any CPU
		{B77DA737-9454-497E-8045-AA977C806972}.Release|Any CPU.Build.0 = Release|Any CPU
		{B77DA737-9454-497E-8045-AA977C806972}.Release|x64.ActiveCfg = Release|Any CPU
		{B77DA737-9454-497E-8045-AA977C806972}.Release|x64.Build.0 = Release|Any CPU
		{B77DA737-9454-497E-8045-AA977C806972}.Release|x86.ActiveCfg = Release|Any CPU
		{B77DA737-9454-497E-8045-AA977C806972}.Release|x86.Build.0 = Release|Any CPU
		{B77DA737-9454-497E-8045-AA977C806972}.UNITY_Debug|Any CPU.ActiveCfg = Debug|Any CPU
		{B77DA737-9454-497E-8045-AA977C806972}.UNITY_Debug|Any CPU.Build.0 = Debug|Any CPU
		{B77DA737-9454-497E-8045-AA977C806972}.UNITY_Debug|x64.ActiveCfg = Debug|Any CPU
		{B77DA737-9454-497E-8045-AA977C806972}.UNITY_Debug|x64.Build.0 = Debug|Any CPU
		{B77DA737-9454-497E-8045-AA977C806972}.UNITY_Debug|x86.ActiveCfg = Debug|Any CPU
		{B77DA737-9454-497E-8045-AA977C806972}.UNITY_Debug|x86.Build.0 = Debug|Any CPU
		{B77DA737-9454-497E-8045-AA977C806972}.UNITY_Release|Any CPU.ActiveCfg = Release|Any CPU
		{B77DA737-9454-497E-8045-AA977C806972}.UNITY_Release|Any CPU.Build.0 = Release|Any CPU
		{B77DA737-9454-497E-8045-AA977C806972}.UNITY_Release|x64.ActiveCfg = Release|Any CPU
		{B77DA737-9454-497E-8045-AA977C806972}.UNITY_Release|x64.Build.0 = Release|Any CPU
		{B77DA737-9454-497E-8045-AA977C806972}.UNITY_Release|x86.ActiveCfg = Release|Any CPU
		{B77DA737-9454-497E-8045-AA977C806972}.UNITY_Release|x86.Build.0 = Release|Any CPU
		{0A3FB94A-EF7C-470C-9270-8B6C2D4FEC29}.Debug|Any CPU.ActiveCfg = Debug|Any CPU
		{0A3FB94A-EF7C-470C-9270-8B6C2D4FEC29}.Debug|Any CPU.Build.0 = Debug|Any CPU
		{0A3FB94A-EF7C-470C-9270-8B6C2D4FEC29}.Debug|x64.ActiveCfg = Debug|Any CPU
		{0A3FB94A-EF7C-470C-9270-8B6C2D4FEC29}.Debug|x64.Build.0 = Debug|Any CPU
		{0A3FB94A-EF7C-470C-9270-8B6C2D4FEC29}.Debug|x86.ActiveCfg = Debug|Any CPU
		{0A3FB94A-EF7C-470C-9270-8B6C2D4FEC29}.Debug|x86.Build.0 = Debug|Any CPU
		{0A3FB94A-EF7C-470C-9270-8B6C2D4FEC29}.Release|Any CPU.ActiveCfg = Release|Any CPU
		{0A3FB94A-EF7C-470C-9270-8B6C2D4FEC29}.Release|Any CPU.Build.0 = Release|Any CPU
		{0A3FB94A-EF7C-470C-9270-8B6C2D4FEC29}.Release|x64.ActiveCfg = Release|Any CPU
		{0A3FB94A-EF7C-470C-9270-8B6C2D4FEC29}.Release|x64.Build.0 = Release|Any CPU
		{0A3FB94A-EF7C-470C-9270-8B6C2D4FEC29}.Release|x86.ActiveCfg = Release|Any CPU
		{0A3FB94A-EF7C-470C-9270-8B6C2D4FEC29}.Release|x86.Build.0 = Release|Any CPU
		{0A3FB94A-EF7C-470C-9270-8B6C2D4FEC29}.UNITY_Debug|Any CPU.ActiveCfg = Debug|Any CPU
		{0A3FB94A-EF7C-470C-9270-8B6C2D4FEC29}.UNITY_Debug|Any CPU.Build.0 = Debug|Any CPU
		{0A3FB94A-EF7C-470C-9270-8B6C2D4FEC29}.UNITY_Debug|x64.ActiveCfg = Debug|Any CPU
		{0A3FB94A-EF7C-470C-9270-8B6C2D4FEC29}.UNITY_Debug|x64.Build.0 = Debug|Any CPU
		{0A3FB94A-EF7C-470C-9270-8B6C2D4FEC29}.UNITY_Debug|x86.ActiveCfg = UNITY_Debug|Any CPU
		{0A3FB94A-EF7C-470C-9270-8B6C2D4FEC29}.UNITY_Debug|x86.Build.0 = UNITY_Debug|Any CPU
		{0A3FB94A-EF7C-470C-9270-8B6C2D4FEC29}.UNITY_Release|Any CPU.ActiveCfg = Release|Any CPU
		{0A3FB94A-EF7C-470C-9270-8B6C2D4FEC29}.UNITY_Release|Any CPU.Build.0 = Release|Any CPU
		{0A3FB94A-EF7C-470C-9270-8B6C2D4FEC29}.UNITY_Release|x64.ActiveCfg = Release|Any CPU
		{0A3FB94A-EF7C-470C-9270-8B6C2D4FEC29}.UNITY_Release|x64.Build.0 = Release|Any CPU
		{0A3FB94A-EF7C-470C-9270-8B6C2D4FEC29}.UNITY_Release|x86.ActiveCfg = Release|Any CPU
		{0A3FB94A-EF7C-470C-9270-8B6C2D4FEC29}.UNITY_Release|x86.Build.0 = Release|Any CPU
		{8EDF4429-251A-416D-BB68-93F227191BCF}.Debug|Any CPU.ActiveCfg = Debug|Any CPU
		{8EDF4429-251A-416D-BB68-93F227191BCF}.Debug|Any CPU.Build.0 = Debug|Any CPU
		{8EDF4429-251A-416D-BB68-93F227191BCF}.Debug|x64.ActiveCfg = Debug|Any CPU
		{8EDF4429-251A-416D-BB68-93F227191BCF}.Debug|x64.Build.0 = Debug|Any CPU
		{8EDF4429-251A-416D-BB68-93F227191BCF}.Debug|x86.ActiveCfg = Debug|x86
		{8EDF4429-251A-416D-BB68-93F227191BCF}.Debug|x86.Build.0 = Debug|x86
		{8EDF4429-251A-416D-BB68-93F227191BCF}.Release|Any CPU.ActiveCfg = Release|Any CPU
		{8EDF4429-251A-416D-BB68-93F227191BCF}.Release|Any CPU.Build.0 = Release|Any CPU
		{8EDF4429-251A-416D-BB68-93F227191BCF}.Release|x64.ActiveCfg = Release|Any CPU
		{8EDF4429-251A-416D-BB68-93F227191BCF}.Release|x64.Build.0 = Release|Any CPU
		{8EDF4429-251A-416D-BB68-93F227191BCF}.Release|x86.ActiveCfg = Release|Any CPU
		{8EDF4429-251A-416D-BB68-93F227191BCF}.Release|x86.Build.0 = Release|Any CPU
		{8EDF4429-251A-416D-BB68-93F227191BCF}.UNITY_Debug|Any CPU.ActiveCfg = Debug|Any CPU
		{8EDF4429-251A-416D-BB68-93F227191BCF}.UNITY_Debug|Any CPU.Build.0 = Debug|Any CPU
		{8EDF4429-251A-416D-BB68-93F227191BCF}.UNITY_Debug|x64.ActiveCfg = Debug|Any CPU
		{8EDF4429-251A-416D-BB68-93F227191BCF}.UNITY_Debug|x64.Build.0 = Debug|Any CPU
		{8EDF4429-251A-416D-BB68-93F227191BCF}.UNITY_Debug|x86.ActiveCfg = Debug|Any CPU
		{8EDF4429-251A-416D-BB68-93F227191BCF}.UNITY_Debug|x86.Build.0 = Debug|Any CPU
		{8EDF4429-251A-416D-BB68-93F227191BCF}.UNITY_Release|Any CPU.ActiveCfg = Release|Any CPU
		{8EDF4429-251A-416D-BB68-93F227191BCF}.UNITY_Release|Any CPU.Build.0 = Release|Any CPU
		{8EDF4429-251A-416D-BB68-93F227191BCF}.UNITY_Release|x64.ActiveCfg = Release|Any CPU
		{8EDF4429-251A-416D-BB68-93F227191BCF}.UNITY_Release|x64.Build.0 = Release|Any CPU
		{8EDF4429-251A-416D-BB68-93F227191BCF}.UNITY_Release|x86.ActiveCfg = Release|Any CPU
		{8EDF4429-251A-416D-BB68-93F227191BCF}.UNITY_Release|x86.Build.0 = Release|Any CPU
		{15215F94-6D27-4788-8C9A-166241D18030}.Debug|Any CPU.ActiveCfg = Debug|Any CPU
		{15215F94-6D27-4788-8C9A-166241D18030}.Debug|Any CPU.Build.0 = Debug|Any CPU
		{15215F94-6D27-4788-8C9A-166241D18030}.Debug|x64.ActiveCfg = Debug|Any CPU
		{15215F94-6D27-4788-8C9A-166241D18030}.Debug|x64.Build.0 = Debug|Any CPU
		{15215F94-6D27-4788-8C9A-166241D18030}.Debug|x86.ActiveCfg = Debug|Any CPU
		{15215F94-6D27-4788-8C9A-166241D18030}.Debug|x86.Build.0 = Debug|Any CPU
		{15215F94-6D27-4788-8C9A-166241D18030}.Release|Any CPU.ActiveCfg = Release|Any CPU
		{15215F94-6D27-4788-8C9A-166241D18030}.Release|Any CPU.Build.0 = Release|Any CPU
		{15215F94-6D27-4788-8C9A-166241D18030}.Release|x64.ActiveCfg = Release|Any CPU
		{15215F94-6D27-4788-8C9A-166241D18030}.Release|x64.Build.0 = Release|Any CPU
		{15215F94-6D27-4788-8C9A-166241D18030}.Release|x86.ActiveCfg = Release|Any CPU
		{15215F94-6D27-4788-8C9A-166241D18030}.Release|x86.Build.0 = Release|Any CPU
		{15215F94-6D27-4788-8C9A-166241D18030}.UNITY_Debug|Any CPU.ActiveCfg = Debug|Any CPU
		{15215F94-6D27-4788-8C9A-166241D18030}.UNITY_Debug|Any CPU.Build.0 = Debug|Any CPU
		{15215F94-6D27-4788-8C9A-166241D18030}.UNITY_Debug|x64.ActiveCfg = Debug|Any CPU
		{15215F94-6D27-4788-8C9A-166241D18030}.UNITY_Debug|x64.Build.0 = Debug|Any CPU
		{15215F94-6D27-4788-8C9A-166241D18030}.UNITY_Debug|x86.ActiveCfg = Debug|Any CPU
		{15215F94-6D27-4788-8C9A-166241D18030}.UNITY_Debug|x86.Build.0 = Debug|Any CPU
		{15215F94-6D27-4788-8C9A-166241D18030}.UNITY_Release|Any CPU.ActiveCfg = Release|Any CPU
		{15215F94-6D27-4788-8C9A-166241D18030}.UNITY_Release|Any CPU.Build.0 = Release|Any CPU
		{15215F94-6D27-4788-8C9A-166241D18030}.UNITY_Release|x64.ActiveCfg = Release|Any CPU
		{15215F94-6D27-4788-8C9A-166241D18030}.UNITY_Release|x64.Build.0 = Release|Any CPU
		{15215F94-6D27-4788-8C9A-166241D18030}.UNITY_Release|x86.ActiveCfg = Release|Any CPU
		{15215F94-6D27-4788-8C9A-166241D18030}.UNITY_Release|x86.Build.0 = Release|Any CPU
		{8B1B58DE-800F-47A0-A1D2-1774BF093809}.Debug|Any CPU.ActiveCfg = Debug|Any CPU
		{8B1B58DE-800F-47A0-A1D2-1774BF093809}.Debug|x64.ActiveCfg = Debug|Any CPU
		{8B1B58DE-800F-47A0-A1D2-1774BF093809}.Debug|x86.ActiveCfg = Debug|Any CPU
		{8B1B58DE-800F-47A0-A1D2-1774BF093809}.Release|Any CPU.ActiveCfg = Release|Any CPU
		{8B1B58DE-800F-47A0-A1D2-1774BF093809}.Release|x64.ActiveCfg = Release|Any CPU
		{8B1B58DE-800F-47A0-A1D2-1774BF093809}.Release|x86.ActiveCfg = Release|Any CPU
		{8B1B58DE-800F-47A0-A1D2-1774BF093809}.UNITY_Debug|Any CPU.ActiveCfg = Debug|Any CPU
		{8B1B58DE-800F-47A0-A1D2-1774BF093809}.UNITY_Debug|x64.ActiveCfg = Debug|Any CPU
		{8B1B58DE-800F-47A0-A1D2-1774BF093809}.UNITY_Debug|x86.ActiveCfg = Debug|Any CPU
		{8B1B58DE-800F-47A0-A1D2-1774BF093809}.UNITY_Release|Any CPU.ActiveCfg = Release|Any CPU
		{8B1B58DE-800F-47A0-A1D2-1774BF093809}.UNITY_Release|x64.ActiveCfg = Release|Any CPU
		{8B1B58DE-800F-47A0-A1D2-1774BF093809}.UNITY_Release|x86.ActiveCfg = Release|Any CPU
		{B0013692-021E-4E51-A549-BCE19EE1670E}.Debug|Any CPU.ActiveCfg = Debug|Any CPU
		{B0013692-021E-4E51-A549-BCE19EE1670E}.Debug|Any CPU.Build.0 = Debug|Any CPU
		{B0013692-021E-4E51-A549-BCE19EE1670E}.Debug|x64.ActiveCfg = Debug|Any CPU
		{B0013692-021E-4E51-A549-BCE19EE1670E}.Debug|x64.Build.0 = Debug|Any CPU
		{B0013692-021E-4E51-A549-BCE19EE1670E}.Debug|x86.ActiveCfg = Debug|x86
		{B0013692-021E-4E51-A549-BCE19EE1670E}.Debug|x86.Build.0 = Debug|x86
		{B0013692-021E-4E51-A549-BCE19EE1670E}.Release|Any CPU.ActiveCfg = Release|Any CPU
		{B0013692-021E-4E51-A549-BCE19EE1670E}.Release|Any CPU.Build.0 = Release|Any CPU
		{B0013692-021E-4E51-A549-BCE19EE1670E}.Release|x64.ActiveCfg = Release|Any CPU
		{B0013692-021E-4E51-A549-BCE19EE1670E}.Release|x64.Build.0 = Release|Any CPU
		{B0013692-021E-4E51-A549-BCE19EE1670E}.Release|x86.ActiveCfg = Release|Any CPU
		{B0013692-021E-4E51-A549-BCE19EE1670E}.Release|x86.Build.0 = Release|Any CPU
		{B0013692-021E-4E51-A549-BCE19EE1670E}.UNITY_Debug|Any CPU.ActiveCfg = Debug|Any CPU
		{B0013692-021E-4E51-A549-BCE19EE1670E}.UNITY_Debug|Any CPU.Build.0 = Debug|Any CPU
		{B0013692-021E-4E51-A549-BCE19EE1670E}.UNITY_Debug|x64.ActiveCfg = Debug|Any CPU
		{B0013692-021E-4E51-A549-BCE19EE1670E}.UNITY_Debug|x64.Build.0 = Debug|Any CPU
		{B0013692-021E-4E51-A549-BCE19EE1670E}.UNITY_Debug|x86.ActiveCfg = Debug|Any CPU
		{B0013692-021E-4E51-A549-BCE19EE1670E}.UNITY_Debug|x86.Build.0 = Debug|Any CPU
		{B0013692-021E-4E51-A549-BCE19EE1670E}.UNITY_Release|Any CPU.ActiveCfg = Release|Any CPU
		{B0013692-021E-4E51-A549-BCE19EE1670E}.UNITY_Release|Any CPU.Build.0 = Release|Any CPU
		{B0013692-021E-4E51-A549-BCE19EE1670E}.UNITY_Release|x64.ActiveCfg = Release|Any CPU
		{B0013692-021E-4E51-A549-BCE19EE1670E}.UNITY_Release|x64.Build.0 = Release|Any CPU
		{B0013692-021E-4E51-A549-BCE19EE1670E}.UNITY_Release|x86.ActiveCfg = Release|Any CPU
		{B0013692-021E-4E51-A549-BCE19EE1670E}.UNITY_Release|x86.Build.0 = Release|Any CPU
	EndGlobalSection
	GlobalSection(SolutionProperties) = preSolution
		HideSolutionNode = FALSE
	EndGlobalSection
EndGlobal
